
Microsoft Visual Studio Solution File, Format Version 12.00
# Visual Studio Version 16
VisualStudioVersion = 16.0.31613.86
MinimumVisualStudioVersion = 10.0.40219.1
Project("{9A19103F-16F7-4668-BE54-9A1E7A4F7556}") = "Task2", "Task2\Task2.csproj", "{05EEC79E-21D3-4E77-BA48-587133538E39}"
EndProject
Global
	GlobalSection(SolutionConfigurationPlatforms) = preSolution
		Debug|Any CPU = Debug|Any CPU
		Release|Any CPU = Release|Any CPU
	EndGlobalSection
	GlobalSection(ProjectConfigurationPlatforms) = postSolution
		{05EEC79E-21D3-4E77-BA48-587133538E39}.Debug|Any CPU.ActiveCfg = Debug|Any CPU
		{05EEC79E-21D3-4E77-BA48-587133538E39}.Debug|Any CPU.Build.0 = Debug|Any CPU
		{05EEC79E-21D3-4E77-BA48-587133538E39}.Release|Any CPU.ActiveCfg = Release|Any CPU
		{05EEC79E-21D3-4E77-BA48-587133538E39}.Release|Any CPU.Build.0 = Release|Any CPU
	EndGlobalSection
	GlobalSection(SolutionProperties) = preSolution
		HideSolutionNode = FALSE
	EndGlobalSection
	GlobalSection(ExtensibilityGlobals) = postSolution
		SolutionGuid = {18BFD4B6-F9CA-41AF-B19D-DB723ED0A1F9}
	EndGlobalSection
EndGlobal
